// !$*UTF8*$!
{
	archiveVersion = 1;
	classes = {
	};
	objectVersion = 56;
	objects = {

/* Begin PBXBuildFile section */
		FF20813D2935090D006BFBB5 /* Plant.swift in Sources */ = {isa = PBXBuildFile; fileRef = FF20813C2935090C006BFBB5 /* Plant.swift */; };
		FF20814029351A77006BFBB5 /* Media.swift in Sources */ = {isa = PBXBuildFile; fileRef = FF20813F29351A77006BFBB5 /* Media.swift */; };
		FF20814229355E29006BFBB5 /* PictureCaptureViewModel.swift in Sources */ = {isa = PBXBuildFile; fileRef = FF20814129355E29006BFBB5 /* PictureCaptureViewModel.swift */; };
		FF20814429368B6C006BFBB5 /* APIService.swift in Sources */ = {isa = PBXBuildFile; fileRef = FF20814329368B6C006BFBB5 /* APIService.swift */; };
		FF20814729380609006BFBB5 /* NetworkError.swift in Sources */ = {isa = PBXBuildFile; fileRef = FF20814629380609006BFBB5 /* NetworkError.swift */; };
		FF20814B2939335E006BFBB5 /* HomeTableViewCellViewModel.swift in Sources */ = {isa = PBXBuildFile; fileRef = FF20814A2939335E006BFBB5 /* HomeTableViewCellViewModel.swift */; };
		FF20814F29393A69006BFBB5 /* PlantDetailViewModel.swift in Sources */ = {isa = PBXBuildFile; fileRef = FF20814E29393A69006BFBB5 /* PlantDetailViewModel.swift */; };
		FF20815129393BCC006BFBB5 /* PlantImageCollectionViewTableViewCell.swift in Sources */ = {isa = PBXBuildFile; fileRef = FF20815029393BCC006BFBB5 /* PlantImageCollectionViewTableViewCell.swift */; };
		FF64582B2926F37300827AFC /* FavoriteTableViewCell.swift in Sources */ = {isa = PBXBuildFile; fileRef = FF64582A2926F37300827AFC /* FavoriteTableViewCell.swift */; };
		FF64582F2926F3CF00827AFC /* PictureCaptureViewController.swift in Sources */ = {isa = PBXBuildFile; fileRef = FF64582E2926F3CF00827AFC /* PictureCaptureViewController.swift */; };
		FF6458322926F3ED00827AFC /* HomeViewController.swift in Sources */ = {isa = PBXBuildFile; fileRef = FF6458312926F3ED00827AFC /* HomeViewController.swift */; };
		FF6458352926F9D600827AFC /* HomeTableViewCell.swift in Sources */ = {isa = PBXBuildFile; fileRef = FF6458342926F9D600827AFC /* HomeTableViewCell.swift */; };
		FFC0A474292405CF0061E637 /* AppDelegate.swift in Sources */ = {isa = PBXBuildFile; fileRef = FFC0A473292405CF0061E637 /* AppDelegate.swift */; };
		FFC0A476292405CF0061E637 /* SceneDelegate.swift in Sources */ = {isa = PBXBuildFile; fileRef = FFC0A475292405CF0061E637 /* SceneDelegate.swift */; };
		FFC0A478292405CF0061E637 /* ViewController.swift in Sources */ = {isa = PBXBuildFile; fileRef = FFC0A477292405CF0061E637 /* ViewController.swift */; };
		FFC0A47B292405CF0061E637 /* Main.storyboard in Resources */ = {isa = PBXBuildFile; fileRef = FFC0A479292405CF0061E637 /* Main.storyboard */; };
		FFC0A47D292405D40061E637 /* Assets.xcassets in Resources */ = {isa = PBXBuildFile; fileRef = FFC0A47C292405D40061E637 /* Assets.xcassets */; };
		FFC0A480292405D40061E637 /* LaunchScreen.storyboard in Resources */ = {isa = PBXBuildFile; fileRef = FFC0A47E292405D40061E637 /* LaunchScreen.storyboard */; };
		FFC0A4AA29245A650061E637 /* Favorites.storyboard in Resources */ = {isa = PBXBuildFile; fileRef = FFC0A4A829245A650061E637 /* Favorites.storyboard */; };
		FFC0A4AC29245A950061E637 /* Home.storyboard in Resources */ = {isa = PBXBuildFile; fileRef = FFC0A4AB29245A950061E637 /* Home.storyboard */; };
		FFC0A4AF29245B210061E637 /* PictureCapture.storyboard in Resources */ = {isa = PBXBuildFile; fileRef = FFC0A4AD29245B210061E637 /* PictureCapture.storyboard */; };
/* End PBXBuildFile section */

/* Begin PBXFileReference section */
		FF20813C2935090C006BFBB5 /* Plant.swift */ = {isa = PBXFileReference; lastKnownFileType = sourcecode.swift; path = Plant.swift; sourceTree = "<group>"; };
		FF20813F29351A77006BFBB5 /* Media.swift */ = {isa = PBXFileReference; lastKnownFileType = sourcecode.swift; path = Media.swift; sourceTree = "<group>"; };
		FF20814129355E29006BFBB5 /* PictureCaptureViewModel.swift */ = {isa = PBXFileReference; lastKnownFileType = sourcecode.swift; path = PictureCaptureViewModel.swift; sourceTree = "<group>"; };
		FF20814329368B6C006BFBB5 /* APIService.swift */ = {isa = PBXFileReference; lastKnownFileType = sourcecode.swift; path = APIService.swift; sourceTree = "<group>"; };
		FF20814629380609006BFBB5 /* NetworkError.swift */ = {isa = PBXFileReference; fileEncoding = 4; lastKnownFileType = sourcecode.swift; path = NetworkError.swift; sourceTree = "<group>"; };
		FF20814A2939335E006BFBB5 /* HomeTableViewCellViewModel.swift */ = {isa = PBXFileReference; lastKnownFileType = sourcecode.swift; path = HomeTableViewCellViewModel.swift; sourceTree = "<group>"; };
		FF20814E29393A69006BFBB5 /* PlantDetailViewModel.swift */ = {isa = PBXFileReference; lastKnownFileType = sourcecode.swift; path = PlantDetailViewModel.swift; sourceTree = "<group>"; };
		FF20815029393BCC006BFBB5 /* PlantImageCollectionViewTableViewCell.swift */ = {isa = PBXFileReference; lastKnownFileType = sourcecode.swift; path = PlantImageCollectionViewTableViewCell.swift; sourceTree = "<group>"; };
		FF64582A2926F37300827AFC /* FavoriteTableViewCell.swift */ = {isa = PBXFileReference; lastKnownFileType = sourcecode.swift; path = FavoriteTableViewCell.swift; sourceTree = "<group>"; };
		FF64582E2926F3CF00827AFC /* PictureCaptureViewController.swift */ = {isa = PBXFileReference; lastKnownFileType = sourcecode.swift; path = PictureCaptureViewController.swift; sourceTree = "<group>"; };
		FF6458312926F3ED00827AFC /* HomeViewController.swift */ = {isa = PBXFileReference; lastKnownFileType = sourcecode.swift; path = HomeViewController.swift; sourceTree = "<group>"; };
		FF6458342926F9D600827AFC /* HomeTableViewCell.swift */ = {isa = PBXFileReference; lastKnownFileType = sourcecode.swift; path = HomeTableViewCell.swift; sourceTree = "<group>"; };
		FFC0A470292405CF0061E637 /* Plantful.app */ = {isa = PBXFileReference; explicitFileType = wrapper.application; includeInIndex = 0; path = Plantful.app; sourceTree = BUILT_PRODUCTS_DIR; };
		FFC0A473292405CF0061E637 /* AppDelegate.swift */ = {isa = PBXFileReference; lastKnownFileType = sourcecode.swift; path = AppDelegate.swift; sourceTree = "<group>"; };
		FFC0A475292405CF0061E637 /* SceneDelegate.swift */ = {isa = PBXFileReference; lastKnownFileType = sourcecode.swift; path = SceneDelegate.swift; sourceTree = "<group>"; };
		FFC0A477292405CF0061E637 /* ViewController.swift */ = {isa = PBXFileReference; lastKnownFileType = sourcecode.swift; path = ViewController.swift; sourceTree = "<group>"; };
		FFC0A47A292405CF0061E637 /* Base */ = {isa = PBXFileReference; lastKnownFileType = file.storyboard; name = Base; path = Base.lproj/Main.storyboard; sourceTree = "<group>"; };
		FFC0A47C292405D40061E637 /* Assets.xcassets */ = {isa = PBXFileReference; lastKnownFileType = folder.assetcatalog; path = Assets.xcassets; sourceTree = "<group>"; };
		FFC0A47F292405D40061E637 /* Base */ = {isa = PBXFileReference; lastKnownFileType = file.storyboard; name = Base; path = Base.lproj/LaunchScreen.storyboard; sourceTree = "<group>"; };
		FFC0A481292405D40061E637 /* Info.plist */ = {isa = PBXFileReference; lastKnownFileType = text.plist.xml; path = Info.plist; sourceTree = "<group>"; };
		FFC0A4A929245A650061E637 /* Base */ = {isa = PBXFileReference; lastKnownFileType = file.storyboard; name = Base; path = Plantful/Base.lproj/Favorites.storyboard; sourceTree = "<group>"; };
		FFC0A4AB29245A950061E637 /* Home.storyboard */ = {isa = PBXFileReference; fileEncoding = 4; lastKnownFileType = file.storyboard; path = Home.storyboard; sourceTree = "<group>"; };
		FFC0A4AE29245B210061E637 /* Base */ = {isa = PBXFileReference; lastKnownFileType = file.storyboard; name = Base; path = Plantful/Base.lproj/PictureCapture.storyboard; sourceTree = "<group>"; };
/* End PBXFileReference section */

/* Begin PBXFrameworksBuildPhase section */
		FFC0A46D292405CF0061E637 /* Frameworks */ = {
			isa = PBXFrameworksBuildPhase;
			buildActionMask = 2147483647;
			files = (
			);
			runOnlyForDeploymentPostprocessing = 0;
		};
/* End PBXFrameworksBuildPhase section */

/* Begin PBXGroup section */
		FF20813E2935091E006BFBB5 /* Models */ = {
			isa = PBXGroup;
			children = (
				FF20813C2935090C006BFBB5 /* Plant.swift */,
				FF20813F29351A77006BFBB5 /* Media.swift */,
			);
			path = Models;
			sourceTree = "<group>";
		};
		FF20814529368B74006BFBB5 /* Network */ = {
			isa = PBXGroup;
			children = (
				FF20814329368B6C006BFBB5 /* APIService.swift */,
				FF20814629380609006BFBB5 /* NetworkError.swift */,
			);
			path = Network;
			sourceTree = "<group>";
		};
		FF2081492938094C006BFBB5 /* UI */ = {
			isa = PBXGroup;
			children = (
				FF6458332926F3F300827AFC /* Home */,
				FF6458302926F3D600827AFC /* PictureCapture */,
				FF64582C2926F38800827AFC /* Favorites */,
				FF64582D2926F39A00827AFC /* Main */,
			);
			name = UI;
			sourceTree = "<group>";
		};
		FF64582C2926F38800827AFC /* Favorites */ = {
			isa = PBXGroup;
			children = (
				FF64582A2926F37300827AFC /* FavoriteTableViewCell.swift */,
				FFC0A4A829245A650061E637 /* Favorites.storyboard */,
			);
			path = Favorites;
			sourceTree = "<group>";
		};
		FF64582D2926F39A00827AFC /* Main */ = {
			isa = PBXGroup;
			children = (
				FFC0A477292405CF0061E637 /* ViewController.swift */,
				FFC0A479292405CF0061E637 /* Main.storyboard */,
			);
			path = Main;
			sourceTree = "<group>";
		};
		FF6458302926F3D600827AFC /* PictureCapture */ = {
			isa = PBXGroup;
			children = (
				FFC0A4AD29245B210061E637 /* PictureCapture.storyboard */,
				FF64582E2926F3CF00827AFC /* PictureCaptureViewController.swift */,
				FF20814129355E29006BFBB5 /* PictureCaptureViewModel.swift */,
			);
			path = PictureCapture;
			sourceTree = "<group>";
		};
		FF6458332926F3F300827AFC /* Home */ = {
			isa = PBXGroup;
			children = (
				FFC0A4AB29245A950061E637 /* Home.storyboard */,
				FF6458312926F3ED00827AFC /* HomeViewController.swift */,
				FF6458342926F9D600827AFC /* HomeTableViewCell.swift */,
				FF20814A2939335E006BFBB5 /* HomeTableViewCellViewModel.swift */,
				FF20814E29393A69006BFBB5 /* PlantDetailViewModel.swift */,
				FF20815029393BCC006BFBB5 /* PlantImageCollectionViewTableViewCell.swift */,
			);
			path = Home;
			sourceTree = "<group>";
		};
		FFC0A467292405CF0061E637 = {
			isa = PBXGroup;
			children = (
				FFC0A472292405CF0061E637 /* Plantful */,
				FFC0A471292405CF0061E637 /* Products */,
			);
			sourceTree = "<group>";
		};
		FFC0A471292405CF0061E637 /* Products */ = {
			isa = PBXGroup;
			children = (
				FFC0A470292405CF0061E637 /* Plantful.app */,
			);
			name = Products;
			sourceTree = "<group>";
		};
		FFC0A472292405CF0061E637 /* Plantful */ = {
			isa = PBXGroup;
			children = (
				FFC0A487292405EE0061E637 /* Resources */,
				FF20813E2935091E006BFBB5 /* Models */,
				FF2081492938094C006BFBB5 /* UI */,
				FF20814529368B74006BFBB5 /* Network */,
			);
			path = Plantful;
			sourceTree = "<group>";
		};
		FFC0A487292405EE0061E637 /* Resources */ = {
			isa = PBXGroup;
			children = (
				FFC0A473292405CF0061E637 /* AppDelegate.swift */,
				FFC0A475292405CF0061E637 /* SceneDelegate.swift */,
				FFC0A47C292405D40061E637 /* Assets.xcassets */,
				FFC0A47E292405D40061E637 /* LaunchScreen.storyboard */,
				FFC0A481292405D40061E637 /* Info.plist */,
			);
			path = Resources;
			sourceTree = "<group>";
		};
/* End PBXGroup section */

/* Begin PBXNativeTarget section */
		FFC0A46F292405CF0061E637 /* Plantful */ = {
			isa = PBXNativeTarget;
			buildConfigurationList = FFC0A484292405D40061E637 /* Build configuration list for PBXNativeTarget "Plantful" */;
			buildPhases = (
				FFC0A46C292405CF0061E637 /* Sources */,
				FFC0A46D292405CF0061E637 /* Frameworks */,
				FFC0A46E292405CF0061E637 /* Resources */,
			);
			buildRules = (
			);
			dependencies = (
			);
			name = Plantful;
			productName = Plantful;
			productReference = FFC0A470292405CF0061E637 /* Plantful.app */;
			productType = "com.apple.product-type.application";
		};
/* End PBXNativeTarget section */

/* Begin PBXProject section */
		FFC0A468292405CF0061E637 /* Project object */ = {
			isa = PBXProject;
			attributes = {
				BuildIndependentTargetsInParallel = 1;
				LastSwiftUpdateCheck = 1400;
				LastUpgradeCheck = 1400;
				TargetAttributes = {
					FFC0A46F292405CF0061E637 = {
						CreatedOnToolsVersion = 14.0.1;
					};
				};
			};
			buildConfigurationList = FFC0A46B292405CF0061E637 /* Build configuration list for PBXProject "Plantful" */;
			compatibilityVersion = "Xcode 14.0";
			developmentRegion = en;
			hasScannedForEncodings = 0;
			knownRegions = (
				en,
				Base,
			);
			mainGroup = FFC0A467292405CF0061E637;
			productRefGroup = FFC0A471292405CF0061E637 /* Products */;
			projectDirPath = "";
			projectRoot = "";
			targets = (
				FFC0A46F292405CF0061E637 /* Plantful */,
			);
		};
/* End PBXProject section */

/* Begin PBXResourcesBuildPhase section */
		FFC0A46E292405CF0061E637 /* Resources */ = {
			isa = PBXResourcesBuildPhase;
			buildActionMask = 2147483647;
			files = (
				FFC0A480292405D40061E637 /* LaunchScreen.storyboard in Resources */,
				FFC0A4AC29245A950061E637 /* Home.storyboard in Resources */,
				FFC0A47D292405D40061E637 /* Assets.xcassets in Resources */,
				FFC0A4AA29245A650061E637 /* Favorites.storyboard in Resources */,
				FFC0A47B292405CF0061E637 /* Main.storyboard in Resources */,
				FFC0A4AF29245B210061E637 /* PictureCapture.storyboard in Resources */,
			);
			runOnlyForDeploymentPostprocessing = 0;
		};
/* End PBXResourcesBuildPhase section */

/* Begin PBXSourcesBuildPhase section */
		FFC0A46C292405CF0061E637 /* Sources */ = {
			isa = PBXSourcesBuildPhase;
			buildActionMask = 2147483647;
			files = (
				FF64582F2926F3CF00827AFC /* PictureCaptureViewController.swift in Sources */,
				FF20814F29393A69006BFBB5 /* PlantDetailViewModel.swift in Sources */,
				FF20815129393BCC006BFBB5 /* PlantImageCollectionViewTableViewCell.swift in Sources */,
				FFC0A478292405CF0061E637 /* ViewController.swift in Sources */,
				FF64582B2926F37300827AFC /* FavoriteTableViewCell.swift in Sources */,
				FFC0A474292405CF0061E637 /* AppDelegate.swift in Sources */,
				FF20814429368B6C006BFBB5 /* APIService.swift in Sources */,
				FFC0A476292405CF0061E637 /* SceneDelegate.swift in Sources */,
				FF20814029351A77006BFBB5 /* Media.swift in Sources */,
				FF6458352926F9D600827AFC /* HomeTableViewCell.swift in Sources */,
				FF6458322926F3ED00827AFC /* HomeViewController.swift in Sources */,
				FF20814729380609006BFBB5 /* NetworkError.swift in Sources */,
				FF20814229355E29006BFBB5 /* PictureCaptureViewModel.swift in Sources */,
				FF20813D2935090D006BFBB5 /* Plant.swift in Sources */,
				FF20814B2939335E006BFBB5 /* HomeTableViewCellViewModel.swift in Sources */,
			);
			runOnlyForDeploymentPostprocessing = 0;
		};
/* End PBXSourcesBuildPhase section */

/* Begin PBXVariantGroup section */
		FFC0A479292405CF0061E637 /* Main.storyboard */ = {
			isa = PBXVariantGroup;
			children = (
				FFC0A47A292405CF0061E637 /* Base */,
			);
			name = Main.storyboard;
			sourceTree = "<group>";
		};
		FFC0A47E292405D40061E637 /* LaunchScreen.storyboard */ = {
			isa = PBXVariantGroup;
			children = (
				FFC0A47F292405D40061E637 /* Base */,
			);
			name = LaunchScreen.storyboard;
			sourceTree = "<group>";
		};
		FFC0A4A829245A650061E637 /* Favorites.storyboard */ = {
			isa = PBXVariantGroup;
			children = (
				FFC0A4A929245A650061E637 /* Base */,
			);
			name = Favorites.storyboard;
			sourceTree = "<group>";
		};
		FFC0A4AD29245B210061E637 /* PictureCapture.storyboard */ = {
			isa = PBXVariantGroup;
			children = (
				FFC0A4AE29245B210061E637 /* Base */,
			);
			name = PictureCapture.storyboard;
			sourceTree = "<group>";
		};
/* End PBXVariantGroup section */

/* Begin XCBuildConfiguration section */
		FFC0A482292405D40061E637 /* Debug */ = {
			isa = XCBuildConfiguration;
			buildSettings = {
				ALWAYS_SEARCH_USER_PATHS = NO;
				CLANG_ANALYZER_NONNULL = YES;
				CLANG_ANALYZER_NUMBER_OBJECT_CONVERSION = YES_AGGRESSIVE;
				CLANG_CXX_LANGUAGE_STANDARD = "gnu++20";
				CLANG_ENABLE_MODULES = YES;
				CLANG_ENABLE_OBJC_ARC = YES;
				CLANG_ENABLE_OBJC_WEAK = YES;
				CLANG_WARN_BLOCK_CAPTURE_AUTORELEASING = YES;
				CLANG_WARN_BOOL_CONVERSION = YES;
				CLANG_WARN_COMMA = YES;
				CLANG_WARN_CONSTANT_CONVERSION = YES;
				CLANG_WARN_DEPRECATED_OBJC_IMPLEMENTATIONS = YES;
				CLANG_WARN_DIRECT_OBJC_ISA_USAGE = YES_ERROR;
				CLANG_WARN_DOCUMENTATION_COMMENTS = YES;
				CLANG_WARN_EMPTY_BODY = YES;
				CLANG_WARN_ENUM_CONVERSION = YES;
				CLANG_WARN_INFINITE_RECURSION = YES;
				CLANG_WARN_INT_CONVERSION = YES;
				CLANG_WARN_NON_LITERAL_NULL_CONVERSION = YES;
				CLANG_WARN_OBJC_IMPLICIT_RETAIN_SELF = YES;
				CLANG_WARN_OBJC_LITERAL_CONVERSION = YES;
				CLANG_WARN_OBJC_ROOT_CLASS = YES_ERROR;
				CLANG_WARN_QUOTED_INCLUDE_IN_FRAMEWORK_HEADER = YES;
				CLANG_WARN_RANGE_LOOP_ANALYSIS = YES;
				CLANG_WARN_STRICT_PROTOTYPES = YES;
				CLANG_WARN_SUSPICIOUS_MOVE = YES;
				CLANG_WARN_UNGUARDED_AVAILABILITY = YES_AGGRESSIVE;
				CLANG_WARN_UNREACHABLE_CODE = YES;
				CLANG_WARN__DUPLICATE_METHOD_MATCH = YES;
				COPY_PHASE_STRIP = NO;
				DEBUG_INFORMATION_FORMAT = dwarf;
				ENABLE_STRICT_OBJC_MSGSEND = YES;
				ENABLE_TESTABILITY = YES;
				GCC_C_LANGUAGE_STANDARD = gnu11;
				GCC_DYNAMIC_NO_PIC = NO;
				GCC_NO_COMMON_BLOCKS = YES;
				GCC_OPTIMIZATION_LEVEL = 0;
				GCC_PREPROCESSOR_DEFINITIONS = (
					"DEBUG=1",
					"$(inherited)",
				);
				GCC_WARN_64_TO_32_BIT_CONVERSION = YES;
				GCC_WARN_ABOUT_RETURN_TYPE = YES_ERROR;
				GCC_WARN_UNDECLARED_SELECTOR = YES;
				GCC_WARN_UNINITIALIZED_AUTOS = YES_AGGRESSIVE;
				GCC_WARN_UNUSED_FUNCTION = YES;
				GCC_WARN_UNUSED_VARIABLE = YES;
				IPHONEOS_DEPLOYMENT_TARGET = 16.0;
				MTL_ENABLE_DEBUG_INFO = INCLUDE_SOURCE;
				MTL_FAST_MATH = YES;
				ONLY_ACTIVE_ARCH = YES;
				SDKROOT = iphoneos;
				SWIFT_ACTIVE_COMPILATION_CONDITIONS = DEBUG;
				SWIFT_OPTIMIZATION_LEVEL = "-Onone";
			};
			name = Debug;
		};
		FFC0A483292405D40061E637 /* Release */ = {
			isa = XCBuildConfiguration;
			buildSettings = {
				ALWAYS_SEARCH_USER_PATHS = NO;
				CLANG_ANALYZER_NONNULL = YES;
				CLANG_ANALYZER_NUMBER_OBJECT_CONVERSION = YES_AGGRESSIVE;
				CLANG_CXX_LANGUAGE_STANDARD = "gnu++20";
				CLANG_ENABLE_MODULES = YES;
				CLANG_ENABLE_OBJC_ARC = YES;
				CLANG_ENABLE_OBJC_WEAK = YES;
				CLANG_WARN_BLOCK_CAPTURE_AUTORELEASING = YES;
				CLANG_WARN_BOOL_CONVERSION = YES;
				CLANG_WARN_COMMA = YES;
				CLANG_WARN_CONSTANT_CONVERSION = YES;
				CLANG_WARN_DEPRECATED_OBJC_IMPLEMENTATIONS = YES;
				CLANG_WARN_DIRECT_OBJC_ISA_USAGE = YES_ERROR;
				CLANG_WARN_DOCUMENTATION_COMMENTS = YES;
				CLANG_WARN_EMPTY_BODY = YES;
				CLANG_WARN_ENUM_CONVERSION = YES;
				CLANG_WARN_INFINITE_RECURSION = YES;
				CLANG_WARN_INT_CONVERSION = YES;
				CLANG_WARN_NON_LITERAL_NULL_CONVERSION = YES;
				CLANG_WARN_OBJC_IMPLICIT_RETAIN_SELF = YES;
				CLANG_WARN_OBJC_LITERAL_CONVERSION = YES;
				CLANG_WARN_OBJC_ROOT_CLASS = YES_ERROR;
				CLANG_WARN_QUOTED_INCLUDE_IN_FRAMEWORK_HEADER = YES;
				CLANG_WARN_RANGE_LOOP_ANALYSIS = YES;
				CLANG_WARN_STRICT_PROTOTYPES = YES;
				CLANG_WARN_SUSPICIOUS_MOVE = YES;
				CLANG_WARN_UNGUARDED_AVAILABILITY = YES_AGGRESSIVE;
				CLANG_WARN_UNREACHABLE_CODE = YES;
				CLANG_WARN__DUPLICATE_METHOD_MATCH = YES;
				COPY_PHASE_STRIP = NO;
				DEBUG_INFORMATION_FORMAT = "dwarf-with-dsym";
				ENABLE_NS_ASSERTIONS = NO;
				ENABLE_STRICT_OBJC_MSGSEND = YES;
				GCC_C_LANGUAGE_STANDARD = gnu11;
				GCC_NO_COMMON_BLOCKS = YES;
				GCC_WARN_64_TO_32_BIT_CONVERSION = YES;
				GCC_WARN_ABOUT_RETURN_TYPE = YES_ERROR;
				GCC_WARN_UNDECLARED_SELECTOR = YES;
				GCC_WARN_UNINITIALIZED_AUTOS = YES_AGGRESSIVE;
				GCC_WARN_UNUSED_FUNCTION = YES;
				GCC_WARN_UNUSED_VARIABLE = YES;
				IPHONEOS_DEPLOYMENT_TARGET = 16.0;
				MTL_ENABLE_DEBUG_INFO = NO;
				MTL_FAST_MATH = YES;
				SDKROOT = iphoneos;
				SWIFT_COMPILATION_MODE = wholemodule;
				SWIFT_OPTIMIZATION_LEVEL = "-O";
				VALIDATE_PRODUCT = YES;
			};
			name = Release;
		};
		FFC0A485292405D40061E637 /* Debug */ = {
			isa = XCBuildConfiguration;
			buildSettings = {
				ASSETCATALOG_COMPILER_APPICON_NAME = AppIcon;
				ASSETCATALOG_COMPILER_GLOBAL_ACCENT_COLOR_NAME = AccentColor;
				CODE_SIGN_STYLE = Automatic;
				CURRENT_PROJECT_VERSION = 1;
				DEVELOPMENT_TEAM = D23NK3BZLQ;
				GENERATE_INFOPLIST_FILE = YES;
				INFOPLIST_FILE = Plantful/Resources/Info.plist;
				INFOPLIST_KEY_CFBundleDisplayName = "";
				INFOPLIST_KEY_NSCameraUsageDescription = "Please allow access to camera.";
				INFOPLIST_KEY_NSPhotoLibraryUsageDescription = "Please allow access to photos.";
				INFOPLIST_KEY_UIApplicationSupportsIndirectInputEvents = YES;
				INFOPLIST_KEY_UILaunchStoryboardName = LaunchScreen;
				INFOPLIST_KEY_UIMainStoryboardFile = Main;
				INFOPLIST_KEY_UISupportedInterfaceOrientations_iPad = "UIInterfaceOrientationPortrait UIInterfaceOrientationPortraitUpsideDown UIInterfaceOrientationLandscapeLeft UIInterfaceOrientationLandscapeRight";
				INFOPLIST_KEY_UISupportedInterfaceOrientations_iPhone = "UIInterfaceOrientationPortrait UIInterfaceOrientationLandscapeLeft UIInterfaceOrientationLandscapeRight";
				LD_RUNPATH_SEARCH_PATHS = (
					"$(inherited)",
					"@executable_path/Frameworks",
				);
				MARKETING_VERSION = 1.0;
				PRODUCT_BUNDLE_IDENTIFIER = com.paradiseDevelopers.Plantful;
				PRODUCT_NAME = "$(TARGET_NAME)";
				SWIFT_EMIT_LOC_STRINGS = YES;
				SWIFT_VERSION = 5.0;
				TARGETED_DEVICE_FAMILY = "1,2";
			};
			name = Debug;
		};
		FFC0A486292405D40061E637 /* Release */ = {
			isa = XCBuildConfiguration;
			buildSettings = {
				ASSETCATALOG_COMPILER_APPICON_NAME = AppIcon;
				ASSETCATALOG_COMPILER_GLOBAL_ACCENT_COLOR_NAME = AccentColor;
				CODE_SIGN_STYLE = Automatic;
				CURRENT_PROJECT_VERSION = 1;
				DEVELOPMENT_TEAM = D23NK3BZLQ;
				GENERATE_INFOPLIST_FILE = YES;
				INFOPLIST_FILE = Plantful/Resources/Info.plist;
				INFOPLIST_KEY_CFBundleDisplayName = "";
				INFOPLIST_KEY_NSCameraUsageDescription = "Please allow access to camera.";
				INFOPLIST_KEY_NSPhotoLibraryUsageDescription = "Please allow access to photos.";
				INFOPLIST_KEY_UIApplicationSupportsIndirectInputEvents = YES;
				INFOPLIST_KEY_UILaunchStoryboardName = LaunchScreen;
				INFOPLIST_KEY_UIMainStoryboardFile = Main;
				INFOPLIST_KEY_UISupportedInterfaceOrientations_iPad = "UIInterfaceOrientationPortrait UIInterfaceOrientationPortraitUpsideDown UIInterfaceOrientationLandscapeLeft UIInterfaceOrientationLandscapeRight";
				INFOPLIST_KEY_UISupportedInterfaceOrientations_iPhone = "UIInterfaceOrientationPortrait UIInterfaceOrientationLandscapeLeft UIInterfaceOrientationLandscapeRight";
				LD_RUNPATH_SEARCH_PATHS = (
					"$(inherited)",
					"@executable_path/Frameworks",
				);
				MARKETING_VERSION = 1.0;
				PRODUCT_BUNDLE_IDENTIFIER = com.paradiseDevelopers.Plantful;
				PRODUCT_NAME = "$(TARGET_NAME)";
				SWIFT_EMIT_LOC_STRINGS = YES;
				SWIFT_VERSION = 5.0;
				TARGETED_DEVICE_FAMILY = "1,2";
			};
			name = Release;
		};
/* End XCBuildConfiguration section */

/* Begin XCConfigurationList section */
		FFC0A46B292405CF0061E637 /* Build configuration list for PBXProject "Plantful" */ = {
			isa = XCConfigurationList;
			buildConfigurations = (
				FFC0A482292405D40061E637 /* Debug */,
				FFC0A483292405D40061E637 /* Release */,
			);
			defaultConfigurationIsVisible = 0;
			defaultConfigurationName = Release;
		};
		FFC0A484292405D40061E637 /* Build configuration list for PBXNativeTarget "Plantful" */ = {
			isa = XCConfigurationList;
			buildConfigurations = (
				FFC0A485292405D40061E637 /* Debug */,
				FFC0A486292405D40061E637 /* Release */,
			);
			defaultConfigurationIsVisible = 0;
			defaultConfigurationName = Release;
		};
/* End XCConfigurationList section */
	};
	rootObject = FFC0A468292405CF0061E637 /* Project object */;
}
